
Microsoft Visual Studio Solution File, Format Version 12.00
# Visual Studio Version 17
VisualStudioVersion = 17.13.35931.197
MinimumVisualStudioVersion = 10.0.40219.1
Project("{FAE04EC0-301F-11D3-BF4B-00C04F79EFBC}") = "PaperManageApp", "PaperManageApp\PaperManageApp.csproj", "{685BE62C-D92A-4571-8DB5-729D4C620339}"
EndProject
Project("{54435603-DBB4-11D2-8724-00A0C9A8B90C}") = "Installer", "Installer\Installer.vdproj", "{52B20422-474D-5734-629F-99A1F7DE9787}"
EndProject
Global
	GlobalSection(SolutionConfigurationPlatforms) = preSolution
		Debug|Any CPU = Debug|Any CPU
		Release|Any CPU = Release|Any CPU
	EndGlobalSection
	GlobalSection(ProjectConfigurationPlatforms) = postSolution
		{685BE62C-D92A-4571-8DB5-729D4C620339}.Debug|Any CPU.ActiveCfg = Debug|Any CPU
		{685BE62C-D92A-4571-8DB5-729D4C620339}.Debug|Any CPU.Build.0 = Debug|Any CPU
		{685BE62C-D92A-4571-8DB5-729D4C620339}.Release|Any CPU.ActiveCfg = Release|Any CPU
		{685BE62C-D92A-4571-8DB5-729D4C620339}.Release|Any CPU.Build.0 = Release|Any CPU
		{52B20422-474D-5734-629F-99A1F7DE9787}.Debug|Any CPU.ActiveCfg = Debug
		{52B20422-474D-5734-629F-99A1F7DE9787}.Release|Any CPU.ActiveCfg = Release
	EndGlobalSection
	GlobalSection(SolutionProperties) = preSolution
		HideSolutionNode = FALSE
	EndGlobalSection
	GlobalSection(ExtensibilityGlobals) = postSolution
		SolutionGuid = {A05CD5B1-72C1-4237-9176-6D6CAE079AFD}
	EndGlobalSection
EndGlobal
